{
  "name": "rekordbox-spotify-sync",
  "version": "0.0.1",
  "lockfileVersion": 1,
  "requires": true,
  "dependencies": {
    "bottleneck": {
      "version": "2.19.2",
      "resolved": "https://registry.npmjs.org/bottleneck/-/bottleneck-2.19.2.tgz",
      "integrity": "sha512-19LN3Gz1m26S/M4aFyaGfMLIUoVsVDSW3H2anKvR/ijh2c6/3lRzhXn3xUPnPlqVsEwfvhMbMoqz9BpawJcXsg=="
    },
    "content-type": {
      "version": "1.0.4",
      "resolved": "https://registry.npmjs.org/content-type/-/content-type-1.0.4.tgz",
      "integrity": "sha512-hIP3EEPs8tB9AT1L+NUqtwOAps4mk2Zob89MWXMHjHWg9milF/j4osnnQLXBCBFBk/tvIG/tUc9mOUJiPBhPXA=="
    },
    "debug": {
      "version": "4.1.1",
      "resolved": "https://registry.npmjs.org/debug/-/debug-4.1.1.tgz",
      "integrity": "sha512-pYAIzeRo8J6KPEaJ0VWOh5Pzkbw/RetuzehGM7QRRX5he4fPHx2rdKMB256ehJCkX+XRQm16eZLqLNS8RSZXZw==",
      "requires": {
        "ms": "^2.1.1"
      }
    },
    "file-type": {
      "version": "11.1.0",
      "resolved": "https://registry.npmjs.org/file-type/-/file-type-11.1.0.tgz",
      "integrity": "sha512-rM0UO7Qm9K7TWTtA6AShI/t7H5BPjDeGVDaNyg9BjHAj3PysKy7+8C8D137R88jnR3rFJZQB/tFgydl5sN5m7g=="
    },
    "media-typer": {
      "version": "1.1.0",
      "resolved": "https://registry.npmjs.org/media-typer/-/media-typer-1.1.0.tgz",
      "integrity": "sha512-aisnrDP4GNe06UcKFnV5bfMNPBUw4jsLGaWwWfnH3v02GnBuXX2MCVn5RbrWo0j3pczUilYblq7fQ7Nw2t5XKw=="
    },
    "ms": {
      "version": "2.1.2",
      "resolved": "https://registry.npmjs.org/ms/-/ms-2.1.2.tgz",
      "integrity": "sha512-sGkPx+VjMtmA6MX27oA4FBFELFCZZ4S4XqeGOXCv68tT+jb3vk/RyaKWP0PTKyWtmLSM0b+adUTEvbs1PEaH2w=="
    },
    "music-metadata": {
      "version": "4.2.0",
      "resolved": "https://registry.npmjs.org/music-metadata/-/music-metadata-4.2.0.tgz",
      "integrity": "sha512-XbTmJaRvnWa7plttPaSQc93PUj0VBQt9Uo5qlx7lWgTKcxL/Bhn0kvUfvKAYaHaoH1EzxvgDKpNhX68ASu9t2g==",
      "requires": {
        "content-type": "^1.0.4",
        "debug": "^4.1.0",
        "file-type": "^11.0.0",
        "media-typer": "^1.1.0",
        "strtok3": "^3.0.0",
        "token-types": "^1.0.1"
      }
    },
    "remove-accents": {
      "version": "0.4.2",
      "resolved": "https://registry.npmjs.org/remove-accents/-/remove-accents-0.4.2.tgz",
      "integrity": "sha1-CkPTqq4egNuRngeuJUsoXZ4ce7U="
    },
    "sax": {
      "version": "1.2.4",
      "resolved": "https://registry.npmjs.org/sax/-/sax-1.2.4.tgz",
      "integrity": "sha512-NqVDv9TpANUjFm0N8uM5GxL36UgKi9/atZw+x7YFnQ8ckwFGKrl4xX4yWtrey3UJm5nP1kUbnYgLopqWNSRhWw=="
    },
    "strtok3": {
      "version": "3.0.0",
      "resolved": "https://registry.npmjs.org/strtok3/-/strtok3-3.0.0.tgz",
      "integrity": "sha512-Sm17gVuapi4jR5cE6UnYhstZ7jGeH9a/eM7Sbg5IDk6bw3Z7FF0UTA1tnZo2Gt7OmY+/O9kVAnAGJ9mglvf36w==",
      "requires": {
        "debug": "^4.1.1",
        "then-read-stream": "^2.0.0",
        "token-types": "^1.0.1"
      }
    },
    "then-read-stream": {
      "version": "2.0.0",
      "resolved": "https://registry.npmjs.org/then-read-stream/-/then-read-stream-2.0.0.tgz",
      "integrity": "sha512-mdQRdZ+71UVL9H6y2bRt/SlpIgzi223LEx8gxbRCfVURnXrokMYo1w+jNcATTZLR25kVUb+h8X6BlmoW4173fQ=="
    },
    "token-types": {
      "version": "1.0.1",
      "resolved": "https://registry.npmjs.org/token-types/-/token-types-1.0.1.tgz",
      "integrity": "sha512-Q2yPT4GA4gmIAgUrL9O9LRzKFKJ8FA1P5eiOfC2eH+IZMSJVQBCML1SOooeRicIIvTr/UZuTAX5PqMzgBXJOvg=="
    },
    "xml2js": {
      "version": "0.4.19",
      "resolved": "https://registry.npmjs.org/xml2js/-/xml2js-0.4.19.tgz",
      "integrity": "sha512-esZnJZJOiJR9wWKMyuvSE1y6Dq5LCuJanqhxslH2bxM6duahNZ+HMpCLhBQGZkbX6xRf8x1Y2eJlgt2q3qo49Q==",
      "requires": {
        "sax": ">=0.6.0",
        "xmlbuilder": "~9.0.1"
      },
      "dependencies": {
        "xmlbuilder": {
          "version": "9.0.7",
          "resolved": "https://registry.npmjs.org/xmlbuilder/-/xmlbuilder-9.0.7.tgz",
          "integrity": "sha1-Ey7mPS7FVlxVfiD0wi35rKaGsQ0="
        }
      }
    },
    "xmlbuilder": {
      "version": "13.0.2",
      "resolved": "https://registry.npmjs.org/xmlbuilder/-/xmlbuilder-13.0.2.tgz",
      "integrity": "sha512-Eux0i2QdDYKbdbA6AM6xE4m6ZTZr4G4xF9kahI2ukSEMCzwce2eX9WlTI5J3s+NU7hpasFsr8hWIONae7LluAQ=="
    }
  }
}
